
Microsoft Visual Studio Solution File, Format Version 12.00
# Visual Studio Version 16
VisualStudioVersion = 16.0.30907.101
MinimumVisualStudioVersion = 10.0.40219.1
Project("{2150E333-8FDC-42A3-9474-1A3956D46DE8}") = "1 - Main", "1 - Main", "{1EA90B90-35F8-440D-9ABF-51E7F3D0667C}"
EndProject
Project("{2150E333-8FDC-42A3-9474-1A3956D46DE8}") = "2 - Cryptography", "2 - Cryptography", "{F4F98659-C438-4B33-8F07-5C1CA13A011A}"
EndProject
Project("{2150E333-8FDC-42A3-9474-1A3956D46DE8}") = "6 - Tests", "6 - Tests", "{6F3F5D17-5003-4CE4-BAA9-A579A6ADFBA1}"
EndProject
Project("{9A19103F-16F7-4668-BE54-9A1E7A4F7556}") = "EscNet.Main", "src\EscNet.Main\EscNet.Main.csproj", "{51B09B6C-847C-4A33-9B69-3CF5E7C21017}"
EndProject
Project("{9A19103F-16F7-4668-BE54-9A1E7A4F7556}") = "EscNet.Cryptography", "src\EscNet.Cryptography\EscNet.Cryptography.csproj", "{4CA8DAFB-33F2-4A67-B73C-B45755D3487E}"
EndProject
Project("{2150E333-8FDC-42A3-9474-1A3956D46DE8}") = "4 - Shared", "4 - Shared", "{6F65D7CA-EE06-486B-BB58-45A94509222B}"
EndProject
Project("{9A19103F-16F7-4668-BE54-9A1E7A4F7556}") = "EscNet.Shared", "src\EscNet.Shared\EscNet.Shared.csproj", "{1BC0F35B-530F-4854-8469-A9CE3C1FA79A}"
EndProject
Project("{2150E333-8FDC-42A3-9474-1A3956D46DE8}") = "5 - DependencyInjection", "5 - DependencyInjection", "{617F7CEF-28ED-4995-8317-A331B6E93AF0}"
EndProject
Project("{9A19103F-16F7-4668-BE54-9A1E7A4F7556}") = "EscNet.DependencyInjection", "src\EscNet.DependencyInjection\EscNet.DependencyInjection.csproj", "{AE1AEE3A-9D56-43E9-8F2B-F8E3247395C3}"
EndProject
Project("{2150E333-8FDC-42A3-9474-1A3956D46DE8}") = "3 - Emails", "3 - Emails", "{8D33F3EA-9F22-4797-8347-E302727FC9BD}"
EndProject
Project("{2150E333-8FDC-42A3-9474-1A3956D46DE8}") = "src", "src", "{55DD1982-1DE7-40EE-BD1E-ABD39796F01F}"
EndProject
Project("{9A19103F-16F7-4668-BE54-9A1E7A4F7556}") = "EscNet.Tests", "src\EscNet.Tests\EscNet.Tests.csproj", "{584085E1-0E76-47FF-81C6-0D48279448A0}"
EndProject
Project("{FAE04EC0-301F-11D3-BF4B-00C04F79EFBC}") = "EscNet.Mails", "src\EscNet.Mails\EscNet.Mails.csproj", "{D49B9CC4-5984-4CD6-8B0D-663DC968BF64}"
EndProject
Global
	GlobalSection(SolutionConfigurationPlatforms) = preSolution
		Debug|Any CPU = Debug|Any CPU
		Release|Any CPU = Release|Any CPU
	EndGlobalSection
	GlobalSection(ProjectConfigurationPlatforms) = postSolution
		{51B09B6C-847C-4A33-9B69-3CF5E7C21017}.Debug|Any CPU.ActiveCfg = Debug|Any CPU
		{51B09B6C-847C-4A33-9B69-3CF5E7C21017}.Debug|Any CPU.Build.0 = Debug|Any CPU
		{51B09B6C-847C-4A33-9B69-3CF5E7C21017}.Release|Any CPU.ActiveCfg = Release|Any CPU
		{51B09B6C-847C-4A33-9B69-3CF5E7C21017}.Release|Any CPU.Build.0 = Release|Any CPU
		{4CA8DAFB-33F2-4A67-B73C-B45755D3487E}.Debug|Any CPU.ActiveCfg = Debug|Any CPU
		{4CA8DAFB-33F2-4A67-B73C-B45755D3487E}.Debug|Any CPU.Build.0 = Debug|Any CPU
		{4CA8DAFB-33F2-4A67-B73C-B45755D3487E}.Release|Any CPU.ActiveCfg = Release|Any CPU
		{4CA8DAFB-33F2-4A67-B73C-B45755D3487E}.Release|Any CPU.Build.0 = Release|Any CPU
		{1BC0F35B-530F-4854-8469-A9CE3C1FA79A}.Debug|Any CPU.ActiveCfg = Debug|Any CPU
		{1BC0F35B-530F-4854-8469-A9CE3C1FA79A}.Debug|Any CPU.Build.0 = Debug|Any CPU
		{1BC0F35B-530F-4854-8469-A9CE3C1FA79A}.Release|Any CPU.ActiveCfg = Release|Any CPU
		{1BC0F35B-530F-4854-8469-A9CE3C1FA79A}.Release|Any CPU.Build.0 = Release|Any CPU
		{AE1AEE3A-9D56-43E9-8F2B-F8E3247395C3}.Debug|Any CPU.ActiveCfg = Debug|Any CPU
		{AE1AEE3A-9D56-43E9-8F2B-F8E3247395C3}.Debug|Any CPU.Build.0 = Debug|Any CPU
		{AE1AEE3A-9D56-43E9-8F2B-F8E3247395C3}.Release|Any CPU.ActiveCfg = Release|Any CPU
		{AE1AEE3A-9D56-43E9-8F2B-F8E3247395C3}.Release|Any CPU.Build.0 = Release|Any CPU
		{584085E1-0E76-47FF-81C6-0D48279448A0}.Debug|Any CPU.ActiveCfg = Debug|Any CPU
		{584085E1-0E76-47FF-81C6-0D48279448A0}.Debug|Any CPU.Build.0 = Debug|Any CPU
		{584085E1-0E76-47FF-81C6-0D48279448A0}.Release|Any CPU.ActiveCfg = Release|Any CPU
		{584085E1-0E76-47FF-81C6-0D48279448A0}.Release|Any CPU.Build.0 = Release|Any CPU
		{D49B9CC4-5984-4CD6-8B0D-663DC968BF64}.Debug|Any CPU.ActiveCfg = Debug|Any CPU
		{D49B9CC4-5984-4CD6-8B0D-663DC968BF64}.Debug|Any CPU.Build.0 = Debug|Any CPU
		{D49B9CC4-5984-4CD6-8B0D-663DC968BF64}.Release|Any CPU.ActiveCfg = Release|Any CPU
		{D49B9CC4-5984-4CD6-8B0D-663DC968BF64}.Release|Any CPU.Build.0 = Release|Any CPU
	EndGlobalSection
	GlobalSection(SolutionProperties) = preSolution
		HideSolutionNode = FALSE
	EndGlobalSection
	GlobalSection(NestedProjects) = preSolution
		{1EA90B90-35F8-440D-9ABF-51E7F3D0667C} = {55DD1982-1DE7-40EE-BD1E-ABD39796F01F}
		{F4F98659-C438-4B33-8F07-5C1CA13A011A} = {55DD1982-1DE7-40EE-BD1E-ABD39796F01F}
		{6F3F5D17-5003-4CE4-BAA9-A579A6ADFBA1} = {55DD1982-1DE7-40EE-BD1E-ABD39796F01F}
		{51B09B6C-847C-4A33-9B69-3CF5E7C21017} = {1EA90B90-35F8-440D-9ABF-51E7F3D0667C}
		{4CA8DAFB-33F2-4A67-B73C-B45755D3487E} = {F4F98659-C438-4B33-8F07-5C1CA13A011A}
		{6F65D7CA-EE06-486B-BB58-45A94509222B} = {55DD1982-1DE7-40EE-BD1E-ABD39796F01F}
		{1BC0F35B-530F-4854-8469-A9CE3C1FA79A} = {6F65D7CA-EE06-486B-BB58-45A94509222B}
		{617F7CEF-28ED-4995-8317-A331B6E93AF0} = {55DD1982-1DE7-40EE-BD1E-ABD39796F01F}
		{AE1AEE3A-9D56-43E9-8F2B-F8E3247395C3} = {617F7CEF-28ED-4995-8317-A331B6E93AF0}
		{8D33F3EA-9F22-4797-8347-E302727FC9BD} = {55DD1982-1DE7-40EE-BD1E-ABD39796F01F}
		{584085E1-0E76-47FF-81C6-0D48279448A0} = {6F3F5D17-5003-4CE4-BAA9-A579A6ADFBA1}
		{D49B9CC4-5984-4CD6-8B0D-663DC968BF64} = {8D33F3EA-9F22-4797-8347-E302727FC9BD}
	EndGlobalSection
	GlobalSection(ExtensibilityGlobals) = postSolution
		SolutionGuid = {C44437B1-3F23-4025-BCD4-F15F4540EBA4}
	EndGlobalSection
EndGlobal
