
Microsoft Visual Studio Solution File, Format Version 12.00
# Visual Studio Version 17
VisualStudioVersion = 17.0.31919.166
MinimumVisualStudioVersion = 10.0.40219.1
Project("{2150E333-8FDC-42A3-9474-1A3956D46DE8}") = "1 - Application", "1 - Application", "{1EA90B90-35F8-440D-9ABF-51E7F3D0667C}"
EndProject
Project("{2150E333-8FDC-42A3-9474-1A3956D46DE8}") = "2 - Tests", "2 - Tests", "{6F3F5D17-5003-4CE4-BAA9-A579A6ADFBA1}"
EndProject
Project("{2150E333-8FDC-42A3-9474-1A3956D46DE8}") = "src", "src", "{55DD1982-1DE7-40EE-BD1E-ABD39796F01F}"
EndProject
Project("{9A19103F-16F7-4668-BE54-9A1E7A4F7556}") = "EscNet.Tests", "src\EscNet.Tests\EscNet.Tests.csproj", "{584085E1-0E76-47FF-81C6-0D48279448A0}"
EndProject
Project("{9A19103F-16F7-4668-BE54-9A1E7A4F7556}") = "EscNet", "src\EscNet\EscNet.csproj", "{565E3171-F3BD-4EF8-8B22-E70F6597A897}"
EndProject
Project("{2150E333-8FDC-42A3-9474-1A3956D46DE8}") = "Solution Items", "Solution Items", "{4DD53197-9063-4E2C-BC06-891681B58FC6}"
	ProjectSection(SolutionItems) = preProject
		.editorconfig = .editorconfig
	EndProjectSection
EndProject
Global
	GlobalSection(SolutionConfigurationPlatforms) = preSolution
		Debug|Any CPU = Debug|Any CPU
		Release|Any CPU = Release|Any CPU
	EndGlobalSection
	GlobalSection(ProjectConfigurationPlatforms) = postSolution
		{584085E1-0E76-47FF-81C6-0D48279448A0}.Debug|Any CPU.ActiveCfg = Debug|Any CPU
		{584085E1-0E76-47FF-81C6-0D48279448A0}.Debug|Any CPU.Build.0 = Debug|Any CPU
		{584085E1-0E76-47FF-81C6-0D48279448A0}.Release|Any CPU.ActiveCfg = Release|Any CPU
		{584085E1-0E76-47FF-81C6-0D48279448A0}.Release|Any CPU.Build.0 = Release|Any CPU
		{565E3171-F3BD-4EF8-8B22-E70F6597A897}.Debug|Any CPU.ActiveCfg = Debug|Any CPU
		{565E3171-F3BD-4EF8-8B22-E70F6597A897}.Debug|Any CPU.Build.0 = Debug|Any CPU
		{565E3171-F3BD-4EF8-8B22-E70F6597A897}.Release|Any CPU.ActiveCfg = Release|Any CPU
		{565E3171-F3BD-4EF8-8B22-E70F6597A897}.Release|Any CPU.Build.0 = Release|Any CPU
	EndGlobalSection
	GlobalSection(SolutionProperties) = preSolution
		HideSolutionNode = FALSE
	EndGlobalSection
	GlobalSection(NestedProjects) = preSolution
		{1EA90B90-35F8-440D-9ABF-51E7F3D0667C} = {55DD1982-1DE7-40EE-BD1E-ABD39796F01F}
		{6F3F5D17-5003-4CE4-BAA9-A579A6ADFBA1} = {55DD1982-1DE7-40EE-BD1E-ABD39796F01F}
		{584085E1-0E76-47FF-81C6-0D48279448A0} = {6F3F5D17-5003-4CE4-BAA9-A579A6ADFBA1}
		{565E3171-F3BD-4EF8-8B22-E70F6597A897} = {1EA90B90-35F8-440D-9ABF-51E7F3D0667C}
	EndGlobalSection
	GlobalSection(ExtensibilityGlobals) = postSolution
		SolutionGuid = {C44437B1-3F23-4025-BCD4-F15F4540EBA4}
	EndGlobalSection
EndGlobal
