
Microsoft Visual Studio Solution File, Format Version 12.00
# Visual Studio Version 16
VisualStudioVersion = 16.0.29411.108
MinimumVisualStudioVersion = 10.0.40219.1
Project("{9A19103F-16F7-4668-BE54-9A1E7A4F7556}") = "ESCHENet.Tests", "ESCHENet.Tests\ESCHENet.Tests.csproj", "{ED56DB10-E0B7-4531-BA24-614BC98694D8}"
EndProject
Project("{FAE04EC0-301F-11D3-BF4B-00C04F79EFBC}") = "ESCHENet", "ESCHENet\ESCHENet.csproj", "{D7CB0390-4D0E-4F41-A405-7C3E843D9B94}"
EndProject
Global
	GlobalSection(SolutionConfigurationPlatforms) = preSolution
		Debug|Any CPU = Debug|Any CPU
		Release|Any CPU = Release|Any CPU
	EndGlobalSection
	GlobalSection(ProjectConfigurationPlatforms) = postSolution
		{ED56DB10-E0B7-4531-BA24-614BC98694D8}.Debug|Any CPU.ActiveCfg = Debug|Any CPU
		{ED56DB10-E0B7-4531-BA24-614BC98694D8}.Debug|Any CPU.Build.0 = Debug|Any CPU
		{ED56DB10-E0B7-4531-BA24-614BC98694D8}.Release|Any CPU.ActiveCfg = Release|Any CPU
		{ED56DB10-E0B7-4531-BA24-614BC98694D8}.Release|Any CPU.Build.0 = Release|Any CPU
		{D7CB0390-4D0E-4F41-A405-7C3E843D9B94}.Debug|Any CPU.ActiveCfg = Debug|Any CPU
		{D7CB0390-4D0E-4F41-A405-7C3E843D9B94}.Debug|Any CPU.Build.0 = Debug|Any CPU
		{D7CB0390-4D0E-4F41-A405-7C3E843D9B94}.Release|Any CPU.ActiveCfg = Release|Any CPU
		{D7CB0390-4D0E-4F41-A405-7C3E843D9B94}.Release|Any CPU.Build.0 = Release|Any CPU
	EndGlobalSection
	GlobalSection(SolutionProperties) = preSolution
		HideSolutionNode = FALSE
	EndGlobalSection
	GlobalSection(ExtensibilityGlobals) = postSolution
		SolutionGuid = {39F8157F-F396-4F42-9910-4D091678D1A8}
	EndGlobalSection
EndGlobal
