
Microsoft Visual Studio Solution File, Format Version 12.00
# Visual Studio Version 16
VisualStudioVersion = 16.0.29411.108
MinimumVisualStudioVersion = 10.0.40219.1
Project("{FAE04EC0-301F-11D3-BF4B-00C04F79EFBC}") = "ESCHENet.Email", "ESCHENet.Email\ESCHENet.Email.csproj", "{280194B0-23B7-4A8D-9ED0-59672C851021}"
EndProject
Project("{FAE04EC0-301F-11D3-BF4B-00C04F79EFBC}") = "ESCHENet.Crypto", "ESCHENet.Cryptography\ESCHENet.Crypto.csproj", "{DD11B6A3-03A1-4A9E-924F-EE8C2B68608D}"
EndProject
Project("{FAE04EC0-301F-11D3-BF4B-00C04F79EFBC}") = "ESCHENet.Http", "ESCHENet.Http\ESCHENet.Http.csproj", "{21701315-4E6F-4C56-A49A-925FC9153E04}"
EndProject
Project("{2150E333-8FDC-42A3-9474-1A3956D46DE8}") = "Crypto", "Crypto", "{C28D39CC-9099-4593-BB91-9D3C5464C6BC}"
EndProject
Project("{2150E333-8FDC-42A3-9474-1A3956D46DE8}") = "Email", "Email", "{3047ECCB-0624-4EC7-8250-ADFABA8AC54F}"
EndProject
Project("{2150E333-8FDC-42A3-9474-1A3956D46DE8}") = "Http", "Http", "{1B02A6F9-680F-470C-88BA-CC3A7A97A680}"
EndProject
Global
	GlobalSection(SolutionConfigurationPlatforms) = preSolution
		Debug|Any CPU = Debug|Any CPU
		Release|Any CPU = Release|Any CPU
	EndGlobalSection
	GlobalSection(ProjectConfigurationPlatforms) = postSolution
		{280194B0-23B7-4A8D-9ED0-59672C851021}.Debug|Any CPU.ActiveCfg = Debug|Any CPU
		{280194B0-23B7-4A8D-9ED0-59672C851021}.Debug|Any CPU.Build.0 = Debug|Any CPU
		{280194B0-23B7-4A8D-9ED0-59672C851021}.Release|Any CPU.ActiveCfg = Release|Any CPU
		{280194B0-23B7-4A8D-9ED0-59672C851021}.Release|Any CPU.Build.0 = Release|Any CPU
		{DD11B6A3-03A1-4A9E-924F-EE8C2B68608D}.Debug|Any CPU.ActiveCfg = Debug|Any CPU
		{DD11B6A3-03A1-4A9E-924F-EE8C2B68608D}.Debug|Any CPU.Build.0 = Debug|Any CPU
		{DD11B6A3-03A1-4A9E-924F-EE8C2B68608D}.Release|Any CPU.ActiveCfg = Release|Any CPU
		{DD11B6A3-03A1-4A9E-924F-EE8C2B68608D}.Release|Any CPU.Build.0 = Release|Any CPU
		{21701315-4E6F-4C56-A49A-925FC9153E04}.Debug|Any CPU.ActiveCfg = Debug|Any CPU
		{21701315-4E6F-4C56-A49A-925FC9153E04}.Debug|Any CPU.Build.0 = Debug|Any CPU
		{21701315-4E6F-4C56-A49A-925FC9153E04}.Release|Any CPU.ActiveCfg = Release|Any CPU
		{21701315-4E6F-4C56-A49A-925FC9153E04}.Release|Any CPU.Build.0 = Release|Any CPU
	EndGlobalSection
	GlobalSection(SolutionProperties) = preSolution
		HideSolutionNode = FALSE
	EndGlobalSection
	GlobalSection(NestedProjects) = preSolution
		{280194B0-23B7-4A8D-9ED0-59672C851021} = {3047ECCB-0624-4EC7-8250-ADFABA8AC54F}
		{DD11B6A3-03A1-4A9E-924F-EE8C2B68608D} = {C28D39CC-9099-4593-BB91-9D3C5464C6BC}
		{21701315-4E6F-4C56-A49A-925FC9153E04} = {1B02A6F9-680F-470C-88BA-CC3A7A97A680}
	EndGlobalSection
	GlobalSection(ExtensibilityGlobals) = postSolution
		SolutionGuid = {39F8157F-F396-4F42-9910-4D091678D1A8}
	EndGlobalSection
EndGlobal
